{
    "code.google.com/p/goauth2/oauth": "afe77d958c70",
    "github.com/aws/aws-sdk-go/aws": "168a70b9c21a4f60166d7925b690356605907adb",
    "github.com/aws/aws-sdk-go/internal/endpoints": "168a70b9c21a4f60166d7925b690356605907adb",
    "github.com/aws/aws-sdk-go/internal/protocol/ec2query": "168a70b9c21a4f60166d7925b690356605907adb",
    "github.com/aws/aws-sdk-go/internal/protocol/query": "168a70b9c21a4f60166d7925b690356605907adb",
    "github.com/aws/aws-sdk-go/internal/protocol/rest": "168a70b9c21a4f60166d7925b690356605907adb",
    "github.com/aws/aws-sdk-go/internal/protocol/xml/xmlutil": "168a70b9c21a4f60166d7925b690356605907adb",
    "github.com/aws/aws-sdk-go/internal/signer/v4": "168a70b9c21a4f60166d7925b690356605907adb",
    "github.com/aws/aws-sdk-go/service/ec2": "168a70b9c21a4f60166d7925b690356605907adb",
    "github.com/aws/aws-sdk-go/service/elb": "168a70b9c21a4f60166d7925b690356605907adb",
    "github.com/barakmich/go-nyet": "fba7607fa3f727680833b0c44f35b448dbe5c5a8",
    "github.com/biogo/store/interval": "e1f74b3c58befe661feed7fa4cf52436de753128",
    "github.com/biogo/store/llrb": "e1f74b3c58befe661feed7fa4cf52436de753128",
    "github.com/cockroachdb/cockroach/roachpb": "1034623241d081684dec543eb79ba7396da718f3",
    "github.com/cockroachdb/cockroach/util": "1034623241d081684dec543eb79ba7396da718f3",
    "github.com/dkulchenko/bunch": "875b00a637ece0c0d551397d53d399cb1b493c35",
    "github.com/ghemawat/stream": "9adabcb0883a14e5a6619d13e60892e2c6417a4e",
    "github.com/gogo/protobuf/proto": "64f27bf06efee53589314a6e5a4af34cdd85adf6",
    "github.com/golang/lint/golint": "7b7f4364ff76043e6c3610281525fabc0d90f0e4",
    "github.com/inconshreveable/mousetrap": "76626ae9c91c4f2a10f34cad8ce83ea42c93bb75",
    "github.com/kisielk/errcheck": "76bf61ee4096ee72636739d4472186b5de5641db",
    "github.com/spf13/cobra": "66816bcd0378e248c613e3c443c020f544c28804",
    "github.com/spf13/pflag": "67cbc198fd11dab704b214c1e629a97af392c085",
    "github.com/vaughan0/go-ini": "a98ad7ee00ec53921f08832bc06ecf7fd600e6a1",
    "golang.org/x/net/context": "edab5dc4135de5654f365c8062bf990097b9d903",
    "golang.org/x/tools/cmd/goimports": "a87e08b564e401b7961951e02f1cb2197c2cbb60",
    "google.golang.org/api/compute/v1": "cf0f7d2e30720b820fc9ec9f768ad765a27d641b",
    "google.golang.org/api/googleapi": "cf0f7d2e30720b820fc9ec9f768ad765a27d641b",
    "google.golang.org/api/resourceviews/v1beta2": "cf0f7d2e30720b820fc9ec9f768ad765a27d641b",
    "gopkg.in/yaml.v1": "9f9df34309c04878acc86042b16630b0f696e1de"
}
